{
  "requires": true,
  "lockfileVersion": 1,
  "dependencies": {
    "jquery": {
      "version": "3.5.0",
      "resolved": "https://registry.npmjs.org/jquery/-/jquery-3.5.0.tgz",
      "integrity": "sha512-Xb7SVYMvygPxbFMpTFQiHh1J7HClEaThguL15N/Gg37Lri/qKyhRGZYzHRyLH8Stq3Aow0LsHO2O2ci86fCrNQ=="
    },
    "jquery-jeditable": {
      "version": "2.0.16",
      "resolved": "https://registry.npmjs.org/jquery-jeditable/-/jquery-jeditable-2.0.16.tgz",
      "integrity": "sha512-bZL0P/QqVnyK4mszbQvwecHnu2dEKNjjXjRB66DXWMbUX/qGS1AcxpUPTmyRfWu1YeaPCH6dg48zumIC+WlKbw==",
      "requires": {
        "jquery": ">=3.4.0"
      }
    }
  }
}
